
Microsoft Visual Studio Solution File, Format Version 12.00
# Visual Studio Version 17
VisualStudioVersion = 17.1.32210.238
MinimumVisualStudioVersion = 10.0.40219.1
Project("{FAE04EC0-301F-11D3-BF4B-00C04F79EFBC}") = "AppJogoDaVelha.UWP", "AppJogoDaVelha.UWP\AppJogoDaVelha.UWP.csproj", "{C21440DC-5D3B-4F6F-99CA-F6FDDD2D26A9}"
EndProject
Project("{FAE04EC0-301F-11D3-BF4B-00C04F79EFBC}") = "AppJogoDaVelha.Android", "AppJogoDaVelha.Android\AppJogoDaVelha.Android.csproj", "{EC60ABA6-6CDB-41B2-86DE-30F28C36878F}"
EndProject
Project("{FAE04EC0-301F-11D3-BF4B-00C04F79EFBC}") = "AppJogoDaVelha", "AppJogoDaVelha\AppJogoDaVelha.csproj", "{81BEA02C-00B4-4897-86A4-0324BCA4A3A2}"
EndProject
Global
	GlobalSection(SolutionConfigurationPlatforms) = preSolution
		Debug|Any CPU = Debug|Any CPU
		Debug|ARM = Debug|ARM
		Debug|x64 = Debug|x64
		Debug|x86 = Debug|x86
		Release|Any CPU = Release|Any CPU
		Release|ARM = Release|ARM
		Release|x64 = Release|x64
		Release|x86 = Release|x86
	EndGlobalSection
	GlobalSection(ProjectConfigurationPlatforms) = postSolution
		{C21440DC-5D3B-4F6F-99CA-F6FDDD2D26A9}.Debug|Any CPU.ActiveCfg = Debug|x64
		{C21440DC-5D3B-4F6F-99CA-F6FDDD2D26A9}.Debug|Any CPU.Build.0 = Debug|x64
		{C21440DC-5D3B-4F6F-99CA-F6FDDD2D26A9}.Debug|Any CPU.Deploy.0 = Debug|x64
		{C21440DC-5D3B-4F6F-99CA-F6FDDD2D26A9}.Debug|ARM.ActiveCfg = Debug|ARM
		{C21440DC-5D3B-4F6F-99CA-F6FDDD2D26A9}.Debug|ARM.Build.0 = Debug|ARM
		{C21440DC-5D3B-4F6F-99CA-F6FDDD2D26A9}.Debug|ARM.Deploy.0 = Debug|ARM
		{C21440DC-5D3B-4F6F-99CA-F6FDDD2D26A9}.Debug|x64.ActiveCfg = Debug|x64
		{C21440DC-5D3B-4F6F-99CA-F6FDDD2D26A9}.Debug|x64.Build.0 = Debug|x64
		{C21440DC-5D3B-4F6F-99CA-F6FDDD2D26A9}.Debug|x64.Deploy.0 = Debug|x64
		{C21440DC-5D3B-4F6F-99CA-F6FDDD2D26A9}.Debug|x86.ActiveCfg = Debug|x86
		{C21440DC-5D3B-4F6F-99CA-F6FDDD2D26A9}.Debug|x86.Build.0 = Debug|x86
		{C21440DC-5D3B-4F6F-99CA-F6FDDD2D26A9}.Debug|x86.Deploy.0 = Debug|x86
		{C21440DC-5D3B-4F6F-99CA-F6FDDD2D26A9}.Release|Any CPU.ActiveCfg = Release|x64
		{C21440DC-5D3B-4F6F-99CA-F6FDDD2D26A9}.Release|Any CPU.Build.0 = Release|x64
		{C21440DC-5D3B-4F6F-99CA-F6FDDD2D26A9}.Release|Any CPU.Deploy.0 = Release|x64
		{C21440DC-5D3B-4F6F-99CA-F6FDDD2D26A9}.Release|ARM.ActiveCfg = Release|ARM
		{C21440DC-5D3B-4F6F-99CA-F6FDDD2D26A9}.Release|ARM.Build.0 = Release|ARM
		{C21440DC-5D3B-4F6F-99CA-F6FDDD2D26A9}.Release|ARM.Deploy.0 = Release|ARM
		{C21440DC-5D3B-4F6F-99CA-F6FDDD2D26A9}.Release|x64.ActiveCfg = Release|x64
		{C21440DC-5D3B-4F6F-99CA-F6FDDD2D26A9}.Release|x64.Build.0 = Release|x64
		{C21440DC-5D3B-4F6F-99CA-F6FDDD2D26A9}.Release|x64.Deploy.0 = Release|x64
		{C21440DC-5D3B-4F6F-99CA-F6FDDD2D26A9}.Release|x86.ActiveCfg = Release|x86
		{C21440DC-5D3B-4F6F-99CA-F6FDDD2D26A9}.Release|x86.Build.0 = Release|x86
		{C21440DC-5D3B-4F6F-99CA-F6FDDD2D26A9}.Release|x86.Deploy.0 = Release|x86
		{EC60ABA6-6CDB-41B2-86DE-30F28C36878F}.Debug|Any CPU.ActiveCfg = Debug|Any CPU
		{EC60ABA6-6CDB-41B2-86DE-30F28C36878F}.Debug|Any CPU.Build.0 = Debug|Any CPU
		{EC60ABA6-6CDB-41B2-86DE-30F28C36878F}.Debug|Any CPU.Deploy.0 = Debug|Any CPU
		{EC60ABA6-6CDB-41B2-86DE-30F28C36878F}.Debug|ARM.ActiveCfg = Debug|Any CPU
		{EC60ABA6-6CDB-41B2-86DE-30F28C36878F}.Debug|ARM.Build.0 = Debug|Any CPU
		{EC60ABA6-6CDB-41B2-86DE-30F28C36878F}.Debug|ARM.Deploy.0 = Debug|Any CPU
		{EC60ABA6-6CDB-41B2-86DE-30F28C36878F}.Debug|x64.ActiveCfg = Debug|Any CPU
		{EC60ABA6-6CDB-41B2-86DE-30F28C36878F}.Debug|x64.Build.0 = Debug|Any CPU
		{EC60ABA6-6CDB-41B2-86DE-30F28C36878F}.Debug|x64.Deploy.0 = Debug|Any CPU
		{EC60ABA6-6CDB-41B2-86DE-30F28C36878F}.Debug|x86.ActiveCfg = Debug|Any CPU
		{EC60ABA6-6CDB-41B2-86DE-30F28C36878F}.Debug|x86.Build.0 = Debug|Any CPU
		{EC60ABA6-6CDB-41B2-86DE-30F28C36878F}.Debug|x86.Deploy.0 = Debug|Any CPU
		{EC60ABA6-6CDB-41B2-86DE-30F28C36878F}.Release|Any CPU.ActiveCfg = Release|Any CPU
		{EC60ABA6-6CDB-41B2-86DE-30F28C36878F}.Release|Any CPU.Build.0 = Release|Any CPU
		{EC60ABA6-6CDB-41B2-86DE-30F28C36878F}.Release|Any CPU.Deploy.0 = Release|Any CPU
		{EC60ABA6-6CDB-41B2-86DE-30F28C36878F}.Release|ARM.ActiveCfg = Release|Any CPU
		{EC60ABA6-6CDB-41B2-86DE-30F28C36878F}.Release|ARM.Build.0 = Release|Any CPU
		{EC60ABA6-6CDB-41B2-86DE-30F28C36878F}.Release|ARM.Deploy.0 = Release|Any CPU
		{EC60ABA6-6CDB-41B2-86DE-30F28C36878F}.Release|x64.ActiveCfg = Release|Any CPU
		{EC60ABA6-6CDB-41B2-86DE-30F28C36878F}.Release|x64.Build.0 = Release|Any CPU
		{EC60ABA6-6CDB-41B2-86DE-30F28C36878F}.Release|x64.Deploy.0 = Release|Any CPU
		{EC60ABA6-6CDB-41B2-86DE-30F28C36878F}.Release|x86.ActiveCfg = Release|Any CPU
		{EC60ABA6-6CDB-41B2-86DE-30F28C36878F}.Release|x86.Build.0 = Release|Any CPU
		{EC60ABA6-6CDB-41B2-86DE-30F28C36878F}.Release|x86.Deploy.0 = Release|Any CPU
		{81BEA02C-00B4-4897-86A4-0324BCA4A3A2}.Debug|Any CPU.ActiveCfg = Debug|Any CPU
		{81BEA02C-00B4-4897-86A4-0324BCA4A3A2}.Debug|Any CPU.Build.0 = Debug|Any CPU
		{81BEA02C-00B4-4897-86A4-0324BCA4A3A2}.Debug|Any CPU.Deploy.0 = Debug|Any CPU
		{81BEA02C-00B4-4897-86A4-0324BCA4A3A2}.Debug|ARM.ActiveCfg = Debug|Any CPU
		{81BEA02C-00B4-4897-86A4-0324BCA4A3A2}.Debug|ARM.Build.0 = Debug|Any CPU
		{81BEA02C-00B4-4897-86A4-0324BCA4A3A2}.Debug|ARM.Deploy.0 = Debug|Any CPU
		{81BEA02C-00B4-4897-86A4-0324BCA4A3A2}.Debug|x64.ActiveCfg = Debug|Any CPU
		{81BEA02C-00B4-4897-86A4-0324BCA4A3A2}.Debug|x64.Build.0 = Debug|Any CPU
		{81BEA02C-00B4-4897-86A4-0324BCA4A3A2}.Debug|x64.Deploy.0 = Debug|Any CPU
		{81BEA02C-00B4-4897-86A4-0324BCA4A3A2}.Debug|x86.ActiveCfg = Debug|Any CPU
		{81BEA02C-00B4-4897-86A4-0324BCA4A3A2}.Debug|x86.Build.0 = Debug|Any CPU
		{81BEA02C-00B4-4897-86A4-0324BCA4A3A2}.Debug|x86.Deploy.0 = Debug|Any CPU
		{81BEA02C-00B4-4897-86A4-0324BCA4A3A2}.Release|Any CPU.ActiveCfg = Release|Any CPU
		{81BEA02C-00B4-4897-86A4-0324BCA4A3A2}.Release|Any CPU.Build.0 = Release|Any CPU
		{81BEA02C-00B4-4897-86A4-0324BCA4A3A2}.Release|Any CPU.Deploy.0 = Release|Any CPU
		{81BEA02C-00B4-4897-86A4-0324BCA4A3A2}.Release|ARM.ActiveCfg = Release|Any CPU
		{81BEA02C-00B4-4897-86A4-0324BCA4A3A2}.Release|ARM.Build.0 = Release|Any CPU
		{81BEA02C-00B4-4897-86A4-0324BCA4A3A2}.Release|ARM.Deploy.0 = Release|Any CPU
		{81BEA02C-00B4-4897-86A4-0324BCA4A3A2}.Release|x64.ActiveCfg = Release|Any CPU
		{81BEA02C-00B4-4897-86A4-0324BCA4A3A2}.Release|x64.Build.0 = Release|Any CPU
		{81BEA02C-00B4-4897-86A4-0324BCA4A3A2}.Release|x64.Deploy.0 = Release|Any CPU
		{81BEA02C-00B4-4897-86A4-0324BCA4A3A2}.Release|x86.ActiveCfg = Release|Any CPU
		{81BEA02C-00B4-4897-86A4-0324BCA4A3A2}.Release|x86.Build.0 = Release|Any CPU
		{81BEA02C-00B4-4897-86A4-0324BCA4A3A2}.Release|x86.Deploy.0 = Release|Any CPU
	EndGlobalSection
	GlobalSection(SolutionProperties) = preSolution
		HideSolutionNode = FALSE
	EndGlobalSection
	GlobalSection(ExtensibilityGlobals) = postSolution
		SolutionGuid = {D8CB348C-662B-4DDA-B996-57FC7AAD5B84}
	EndGlobalSection
EndGlobal
